
Microsoft Visual Studio Solution File, Format Version 12.00
# Visual Studio Version 16
VisualStudioVersion = 16.0.30711.63
MinimumVisualStudioVersion = 10.0.40219.1
Project("{FAE04EC0-301F-11D3-BF4B-00C04F79EFBC}") = "ContosoUniversity", "ContosoUniversity\ContosoUniversity.csproj", "{271AFA79-745E-4162-BA1F-6D0F3B113858}"
EndProject
Global
	GlobalSection(SolutionConfigurationPlatforms) = preSolution
		Debug|Any CPU = Debug|Any CPU
		Release|Any CPU = Release|Any CPU
	EndGlobalSection
	GlobalSection(ProjectConfigurationPlatforms) = postSolution
		{271AFA79-745E-4162-BA1F-6D0F3B113858}.Debug|Any CPU.ActiveCfg = Debug|Any CPU
		{271AFA79-745E-4162-BA1F-6D0F3B113858}.Debug|Any CPU.Build.0 = Debug|Any CPU
		{271AFA79-745E-4162-BA1F-6D0F3B113858}.Release|Any CPU.ActiveCfg = Release|Any CPU
		{271AFA79-745E-4162-BA1F-6D0F3B113858}.Release|Any CPU.Build.0 = Release|Any CPU
	EndGlobalSection
	GlobalSection(SolutionProperties) = preSolution
		HideSolutionNode = FALSE
	EndGlobalSection
	GlobalSection(ExtensibilityGlobals) = postSolution
		SolutionGuid = {19C20333-F765-40AF-ACB0-9C31E28B1AA1}
	EndGlobalSection
EndGlobal
