
Microsoft Visual Studio Solution File, Format Version 12.00
# Visual Studio Version 16
VisualStudioVersion = 16.0.30711.63
MinimumVisualStudioVersion = 10.0.40219.1
Project("{FAE04EC0-301F-11D3-BF4B-00C04F79EFBC}") = "BooksApi", "BooksApi\BooksApi.csproj", "{80E68EED-D4A4-415D-99A8-89C0A74856F6}"
EndProject
Global
	GlobalSection(SolutionConfigurationPlatforms) = preSolution
		Debug|Any CPU = Debug|Any CPU
		Release|Any CPU = Release|Any CPU
	EndGlobalSection
	GlobalSection(ProjectConfigurationPlatforms) = postSolution
		{80E68EED-D4A4-415D-99A8-89C0A74856F6}.Debug|Any CPU.ActiveCfg = Debug|Any CPU
		{80E68EED-D4A4-415D-99A8-89C0A74856F6}.Debug|Any CPU.Build.0 = Debug|Any CPU
		{80E68EED-D4A4-415D-99A8-89C0A74856F6}.Release|Any CPU.ActiveCfg = Release|Any CPU
		{80E68EED-D4A4-415D-99A8-89C0A74856F6}.Release|Any CPU.Build.0 = Release|Any CPU
	EndGlobalSection
	GlobalSection(SolutionProperties) = preSolution
		HideSolutionNode = FALSE
	EndGlobalSection
	GlobalSection(ExtensibilityGlobals) = postSolution
		SolutionGuid = {A46CDABC-F385-4DBA-85DF-9D068B74217F}
	EndGlobalSection
EndGlobal
